{
    "_readme": [
        "This file locks the dependencies of your project to a known state",
        "Read more about it at https://getcomposer.org/doc/01-basic-usage.md#composer-lock-the-lock-file",
        "This file is @generated automatically"
    ],
    "content-hash": "128da6c62918d5b788e0024a8b7a3d30",
    "packages": [
        {
            "name": "cakephp/cakephp",
            "version": "2.9.9",
            "source": {
                "type": "git",
                "url": "https://github.com/cakephp/cakephp.git",
                "reference": "bfd2d21d782a69626bcf1ae2d22aad6e565fb29c"
            },
            "dist": {
                "type": "zip",
                "url": "https://files.phpcomposer.com/files/cakephp/cakephp/bfd2d21d782a69626bcf1ae2d22aad6e565fb29c.zip",
                "reference": "bfd2d21d782a69626bcf1ae2d22aad6e565fb29c",
                "shasum": ""
            },
            "require": {
                "ext-mcrypt": "*",
                "php": ">=5.3.0"
            },
            "require-dev": {
                "cakephp/cakephp-codesniffer": "^1.0.0",
                "phpunit/phpunit": "3.7.*"
            },
            "bin": [
                "lib/Cake/Console/cake"
            ],
            "type": "library",
            "notification-url": "https://packagist.org/downloads/",
            "license": [
                "MIT"
            ],
            "authors": [
                {
                    "name": "CakePHP Community",
                    "homepage": "https://github.com/cakephp/cakephp/graphs/contributors"
                }
            ],
            "description": "The CakePHP framework",
            "homepage": "https://cakephp.org",
            "keywords": [
                "framework"
            ],
            "time": "2017-05-26T01:15:23+00:00"
        }
    ],
    "packages-dev": [],
    "aliases": [],
    "minimum-stability": "stable",
    "stability-flags": [],
    "prefer-stable": false,
    "prefer-lowest": false,
    "platform": [],
    "platform-dev": []
}
